
Microsoft Visual Studio Solution File, Format Version 12.00
# Visual Studio 2013
VisualStudioVersion = 12.0.20827.3
MinimumVisualStudioVersion = 10.0.40219.1
Project("{FAE04EC0-301F-11D3-BF4B-00C04F79EFBC}") = "Novo.Web", "Novo.Web\Novo.Web.csproj", "{FA4CC10E-713E-448E-8330-B01A43CC98D8}"
EndProject
Project("{FAE04EC0-301F-11D3-BF4B-00C04F79EFBC}") = "Novo.Web.Tests", "Novo.Web.Tests\Novo.Web.Tests.csproj", "{4B825B75-2FF0-4D32-B285-8F349B59186D}"
EndProject
Global
	GlobalSection(SolutionConfigurationPlatforms) = preSolution
		Debug|Any CPU = Debug|Any CPU
		Release|Any CPU = Release|Any CPU
	EndGlobalSection
	GlobalSection(ProjectConfigurationPlatforms) = postSolution
		{FA4CC10E-713E-448E-8330-B01A43CC98D8}.Debug|Any CPU.ActiveCfg = Debug|Any CPU
		{FA4CC10E-713E-448E-8330-B01A43CC98D8}.Debug|Any CPU.Build.0 = Debug|Any CPU
		{FA4CC10E-713E-448E-8330-B01A43CC98D8}.Release|Any CPU.ActiveCfg = Release|Any CPU
		{FA4CC10E-713E-448E-8330-B01A43CC98D8}.Release|Any CPU.Build.0 = Release|Any CPU
		{4B825B75-2FF0-4D32-B285-8F349B59186D}.Debug|Any CPU.ActiveCfg = Debug|Any CPU
		{4B825B75-2FF0-4D32-B285-8F349B59186D}.Debug|Any CPU.Build.0 = Debug|Any CPU
		{4B825B75-2FF0-4D32-B285-8F349B59186D}.Release|Any CPU.ActiveCfg = Release|Any CPU
		{4B825B75-2FF0-4D32-B285-8F349B59186D}.Release|Any CPU.Build.0 = Release|Any CPU
	EndGlobalSection
	GlobalSection(SolutionProperties) = preSolution
		HideSolutionNode = FALSE
	EndGlobalSection
EndGlobal
